// !$*UTF8*$!
{
	archiveVersion = 1;
	classes = {
	};
	objectVersion = 56;
	objects = {

/* Begin PBXBuildFile section */
		88164F082B68BDD100225589 /* WeatherAppApp.swift in Sources */ = {isa = PBXBuildFile; fileRef = 88164F072B68BDD100225589 /* WeatherAppApp.swift */; };
		88164F0A2B68BDD100225589 /* ContentView.swift in Sources */ = {isa = PBXBuildFile; fileRef = 88164F092B68BDD100225589 /* ContentView.swift */; };
		88164F0C2B68BDD400225589 /* Assets.xcassets in Resources */ = {isa = PBXBuildFile; fileRef = 88164F0B2B68BDD400225589 /* Assets.xcassets */; };
		88164F0F2B68BDD400225589 /* Preview Assets.xcassets in Resources */ = {isa = PBXBuildFile; fileRef = 88164F0E2B68BDD400225589 /* Preview Assets.xcassets */; };
		88164F172B68BE5F00225589 /* WeatherData.swift in Sources */ = {isa = PBXBuildFile; fileRef = 88164F162B68BE5F00225589 /* WeatherData.swift */; };
		88164F1A2B68CC6300225589 /* LoginView.swift in Sources */ = {isa = PBXBuildFile; fileRef = 88164F192B68CC6300225589 /* LoginView.swift */; };
		88164F1F2B68D18200225589 /* Strings.swift in Sources */ = {isa = PBXBuildFile; fileRef = 88164F1E2B68D18200225589 /* Strings.swift */; };
		88164F212B68D1E000225589 /* SignupView.swift in Sources */ = {isa = PBXBuildFile; fileRef = 88164F202B68D1E000225589 /* SignupView.swift */; };
		88164F232B68D21200225589 /* AuthView.swift in Sources */ = {isa = PBXBuildFile; fileRef = 88164F222B68D21200225589 /* AuthView.swift */; };
		88164F252B68D3C600225589 /* GoogleService-Info.plist in Resources */ = {isa = PBXBuildFile; fileRef = 88164F242B68D3C600225589 /* GoogleService-Info.plist */; };
		88164F282B68D6AB00225589 /* FirebaseAnalytics in Frameworks */ = {isa = PBXBuildFile; productRef = 88164F272B68D6AB00225589 /* FirebaseAnalytics */; };
		88164F2A2B68D6AB00225589 /* FirebaseAnalyticsOnDeviceConversion in Frameworks */ = {isa = PBXBuildFile; productRef = 88164F292B68D6AB00225589 /* FirebaseAnalyticsOnDeviceConversion */; };
		88164F2C2B68D6AB00225589 /* FirebaseAnalyticsSwift in Frameworks */ = {isa = PBXBuildFile; productRef = 88164F2B2B68D6AB00225589 /* FirebaseAnalyticsSwift */; };
		88164F2E2B68D6AB00225589 /* FirebaseAnalyticsWithoutAdIdSupport in Frameworks */ = {isa = PBXBuildFile; productRef = 88164F2D2B68D6AB00225589 /* FirebaseAnalyticsWithoutAdIdSupport */; };
		88164F302B68D6AB00225589 /* FirebaseAppCheck in Frameworks */ = {isa = PBXBuildFile; productRef = 88164F2F2B68D6AB00225589 /* FirebaseAppCheck */; };
		88164F322B68D6AB00225589 /* FirebaseAppDistribution-Beta in Frameworks */ = {isa = PBXBuildFile; productRef = 88164F312B68D6AB00225589 /* FirebaseAppDistribution-Beta */; };
		88164F342B68D6AB00225589 /* FirebaseAuth in Frameworks */ = {isa = PBXBuildFile; productRef = 88164F332B68D6AB00225589 /* FirebaseAuth */; };
		88164F362B68D6AC00225589 /* FirebaseAuthCombine-Community in Frameworks */ = {isa = PBXBuildFile; productRef = 88164F352B68D6AC00225589 /* FirebaseAuthCombine-Community */; };
		88164F382B68D6AC00225589 /* FirebaseCrashlytics in Frameworks */ = {isa = PBXBuildFile; productRef = 88164F372B68D6AC00225589 /* FirebaseCrashlytics */; };
		88164F3A2B68D6AC00225589 /* FirebaseDatabase in Frameworks */ = {isa = PBXBuildFile; productRef = 88164F392B68D6AC00225589 /* FirebaseDatabase */; };
		88164F3C2B68D6AC00225589 /* FirebaseDatabaseSwift in Frameworks */ = {isa = PBXBuildFile; productRef = 88164F3B2B68D6AC00225589 /* FirebaseDatabaseSwift */; };
		88164F3E2B68D6AC00225589 /* FirebaseDynamicLinks in Frameworks */ = {isa = PBXBuildFile; productRef = 88164F3D2B68D6AC00225589 /* FirebaseDynamicLinks */; };
		88164F402B68D6AC00225589 /* FirebaseFirestore in Frameworks */ = {isa = PBXBuildFile; productRef = 88164F3F2B68D6AC00225589 /* FirebaseFirestore */; };
		88164F422B68D6AC00225589 /* FirebaseFirestoreCombine-Community in Frameworks */ = {isa = PBXBuildFile; productRef = 88164F412B68D6AC00225589 /* FirebaseFirestoreCombine-Community */; };
		88164F442B68D6AC00225589 /* FirebaseFirestoreSwift in Frameworks */ = {isa = PBXBuildFile; productRef = 88164F432B68D6AC00225589 /* FirebaseFirestoreSwift */; };
		88164F462B68D6AC00225589 /* FirebaseFunctions in Frameworks */ = {isa = PBXBuildFile; productRef = 88164F452B68D6AC00225589 /* FirebaseFunctions */; };
		88164F482B68D6AC00225589 /* FirebaseFunctionsCombine-Community in Frameworks */ = {isa = PBXBuildFile; productRef = 88164F472B68D6AC00225589 /* FirebaseFunctionsCombine-Community */; };
		88164F4A2B68D6AC00225589 /* FirebaseInAppMessaging-Beta in Frameworks */ = {isa = PBXBuildFile; productRef = 88164F492B68D6AC00225589 /* FirebaseInAppMessaging-Beta */; };
		88164F4C2B68D6AC00225589 /* FirebaseInAppMessagingSwift-Beta in Frameworks */ = {isa = PBXBuildFile; productRef = 88164F4B2B68D6AC00225589 /* FirebaseInAppMessagingSwift-Beta */; };
		88164F4E2B68D6AC00225589 /* FirebaseInstallations in Frameworks */ = {isa = PBXBuildFile; productRef = 88164F4D2B68D6AC00225589 /* FirebaseInstallations */; };
		88164F502B68D6AC00225589 /* FirebaseMLModelDownloader in Frameworks */ = {isa = PBXBuildFile; productRef = 88164F4F2B68D6AC00225589 /* FirebaseMLModelDownloader */; };
		88164F522B68D6AC00225589 /* FirebaseMessaging in Frameworks */ = {isa = PBXBuildFile; productRef = 88164F512B68D6AC00225589 /* FirebaseMessaging */; };
		88164F542B68D6AC00225589 /* FirebasePerformance in Frameworks */ = {isa = PBXBuildFile; productRef = 88164F532B68D6AC00225589 /* FirebasePerformance */; };
		88164F562B68D6AC00225589 /* FirebaseRemoteConfig in Frameworks */ = {isa = PBXBuildFile; productRef = 88164F552B68D6AC00225589 /* FirebaseRemoteConfig */; };
		88164F582B68D6AC00225589 /* FirebaseRemoteConfigSwift in Frameworks */ = {isa = PBXBuildFile; productRef = 88164F572B68D6AC00225589 /* FirebaseRemoteConfigSwift */; };
		88164F5A2B68D6AC00225589 /* FirebaseStorage in Frameworks */ = {isa = PBXBuildFile; productRef = 88164F592B68D6AC00225589 /* FirebaseStorage */; };
		88164F5C2B68D6AC00225589 /* FirebaseStorageCombine-Community in Frameworks */ = {isa = PBXBuildFile; productRef = 88164F5B2B68D6AC00225589 /* FirebaseStorageCombine-Community */; };
		88164F5E2B68DA8B00225589 /* WeatherView.swift in Sources */ = {isa = PBXBuildFile; fileRef = 88164F5D2B68DA8B00225589 /* WeatherView.swift */; };
/* End PBXBuildFile section */

/* Begin PBXFileReference section */
		88164F042B68BDD100225589 /* WeatherApp.app */ = {isa = PBXFileReference; explicitFileType = wrapper.application; includeInIndex = 0; path = WeatherApp.app; sourceTree = BUILT_PRODUCTS_DIR; };
		88164F072B68BDD100225589 /* WeatherAppApp.swift */ = {isa = PBXFileReference; lastKnownFileType = sourcecode.swift; path = WeatherAppApp.swift; sourceTree = "<group>"; };
		88164F092B68BDD100225589 /* ContentView.swift */ = {isa = PBXFileReference; lastKnownFileType = sourcecode.swift; path = ContentView.swift; sourceTree = "<group>"; };
		88164F0B2B68BDD400225589 /* Assets.xcassets */ = {isa = PBXFileReference; lastKnownFileType = folder.assetcatalog; path = Assets.xcassets; sourceTree = "<group>"; };
		88164F0E2B68BDD400225589 /* Preview Assets.xcassets */ = {isa = PBXFileReference; lastKnownFileType = folder.assetcatalog; path = "Preview Assets.xcassets"; sourceTree = "<group>"; };
		88164F162B68BE5F00225589 /* WeatherData.swift */ = {isa = PBXFileReference; lastKnownFileType = sourcecode.swift; path = WeatherData.swift; sourceTree = "<group>"; };
		88164F192B68CC6300225589 /* LoginView.swift */ = {isa = PBXFileReference; lastKnownFileType = sourcecode.swift; path = LoginView.swift; sourceTree = "<group>"; };
		88164F1E2B68D18200225589 /* Strings.swift */ = {isa = PBXFileReference; lastKnownFileType = sourcecode.swift; path = Strings.swift; sourceTree = "<group>"; };
		88164F202B68D1E000225589 /* SignupView.swift */ = {isa = PBXFileReference; lastKnownFileType = sourcecode.swift; path = SignupView.swift; sourceTree = "<group>"; };
		88164F222B68D21200225589 /* AuthView.swift */ = {isa = PBXFileReference; lastKnownFileType = sourcecode.swift; path = AuthView.swift; sourceTree = "<group>"; };
		88164F242B68D3C600225589 /* GoogleService-Info.plist */ = {isa = PBXFileReference; fileEncoding = 4; lastKnownFileType = text.plist.xml; path = "GoogleService-Info.plist"; sourceTree = "<group>"; };
		88164F5D2B68DA8B00225589 /* WeatherView.swift */ = {isa = PBXFileReference; lastKnownFileType = sourcecode.swift; path = WeatherView.swift; sourceTree = "<group>"; };
/* End PBXFileReference section */

/* Begin PBXFrameworksBuildPhase section */
		88164F012B68BDD100225589 /* Frameworks */ = {
			isa = PBXFrameworksBuildPhase;
			buildActionMask = 2147483647;
			files = (
				88164F3A2B68D6AC00225589 /* FirebaseDatabase in Frameworks */,
				88164F482B68D6AC00225589 /* FirebaseFunctionsCombine-Community in Frameworks */,
				88164F402B68D6AC00225589 /* FirebaseFirestore in Frameworks */,
				88164F2C2B68D6AB00225589 /* FirebaseAnalyticsSwift in Frameworks */,
				88164F282B68D6AB00225589 /* FirebaseAnalytics in Frameworks */,
				88164F2A2B68D6AB00225589 /* FirebaseAnalyticsOnDeviceConversion in Frameworks */,
				88164F502B68D6AC00225589 /* FirebaseMLModelDownloader in Frameworks */,
				88164F442B68D6AC00225589 /* FirebaseFirestoreSwift in Frameworks */,
				88164F302B68D6AB00225589 /* FirebaseAppCheck in Frameworks */,
				88164F2E2B68D6AB00225589 /* FirebaseAnalyticsWithoutAdIdSupport in Frameworks */,
				88164F342B68D6AB00225589 /* FirebaseAuth in Frameworks */,
				88164F382B68D6AC00225589 /* FirebaseCrashlytics in Frameworks */,
				88164F582B68D6AC00225589 /* FirebaseRemoteConfigSwift in Frameworks */,
				88164F4A2B68D6AC00225589 /* FirebaseInAppMessaging-Beta in Frameworks */,
				88164F3C2B68D6AC00225589 /* FirebaseDatabaseSwift in Frameworks */,
				88164F462B68D6AC00225589 /* FirebaseFunctions in Frameworks */,
				88164F5C2B68D6AC00225589 /* FirebaseStorageCombine-Community in Frameworks */,
				88164F562B68D6AC00225589 /* FirebaseRemoteConfig in Frameworks */,
				88164F322B68D6AB00225589 /* FirebaseAppDistribution-Beta in Frameworks */,
				88164F362B68D6AC00225589 /* FirebaseAuthCombine-Community in Frameworks */,
				88164F542B68D6AC00225589 /* FirebasePerformance in Frameworks */,
				88164F4C2B68D6AC00225589 /* FirebaseInAppMessagingSwift-Beta in Frameworks */,
				88164F5A2B68D6AC00225589 /* FirebaseStorage in Frameworks */,
				88164F3E2B68D6AC00225589 /* FirebaseDynamicLinks in Frameworks */,
				88164F422B68D6AC00225589 /* FirebaseFirestoreCombine-Community in Frameworks */,
				88164F522B68D6AC00225589 /* FirebaseMessaging in Frameworks */,
				88164F4E2B68D6AC00225589 /* FirebaseInstallations in Frameworks */,
			);
			runOnlyForDeploymentPostprocessing = 0;
		};
/* End PBXFrameworksBuildPhase section */

/* Begin PBXGroup section */
		88164EFB2B68BDD100225589 = {
			isa = PBXGroup;
			children = (
				88164F062B68BDD100225589 /* WeatherApp */,
				88164F052B68BDD100225589 /* Products */,
			);
			sourceTree = "<group>";
		};
		88164F052B68BDD100225589 /* Products */ = {
			isa = PBXGroup;
			children = (
				88164F042B68BDD100225589 /* WeatherApp.app */,
			);
			name = Products;
			sourceTree = "<group>";
		};
		88164F062B68BDD100225589 /* WeatherApp */ = {
			isa = PBXGroup;
			children = (
				88164F242B68D3C600225589 /* GoogleService-Info.plist */,
				88164F1B2B68D15500225589 /* Extensions */,
				88164F182B68CC5200225589 /* Views */,
				88164F152B68BE4900225589 /* ViewModel */,
				88164F072B68BDD100225589 /* WeatherAppApp.swift */,
				88164F0B2B68BDD400225589 /* Assets.xcassets */,
				88164F0D2B68BDD400225589 /* Preview Content */,
			);
			path = WeatherApp;
			sourceTree = "<group>";
		};
		88164F0D2B68BDD400225589 /* Preview Content */ = {
			isa = PBXGroup;
			children = (
				88164F0E2B68BDD400225589 /* Preview Assets.xcassets */,
			);
			path = "Preview Content";
			sourceTree = "<group>";
		};
		88164F152B68BE4900225589 /* ViewModel */ = {
			isa = PBXGroup;
			children = (
				88164F162B68BE5F00225589 /* WeatherData.swift */,
			);
			path = ViewModel;
			sourceTree = "<group>";
		};
		88164F182B68CC5200225589 /* Views */ = {
			isa = PBXGroup;
			children = (
				88164F092B68BDD100225589 /* ContentView.swift */,
				88164F192B68CC6300225589 /* LoginView.swift */,
				88164F202B68D1E000225589 /* SignupView.swift */,
				88164F222B68D21200225589 /* AuthView.swift */,
				88164F5D2B68DA8B00225589 /* WeatherView.swift */,
			);
			path = Views;
			sourceTree = "<group>";
		};
		88164F1B2B68D15500225589 /* Extensions */ = {
			isa = PBXGroup;
			children = (
				88164F1E2B68D18200225589 /* Strings.swift */,
			);
			path = Extensions;
			sourceTree = "<group>";
		};
/* End PBXGroup section */

/* Begin PBXNativeTarget section */
		88164F032B68BDD100225589 /* WeatherApp */ = {
			isa = PBXNativeTarget;
			buildConfigurationList = 88164F122B68BDD400225589 /* Build configuration list for PBXNativeTarget "WeatherApp" */;
			buildPhases = (
				88164F002B68BDD100225589 /* Sources */,
				88164F012B68BDD100225589 /* Frameworks */,
				88164F022B68BDD100225589 /* Resources */,
			);
			buildRules = (
			);
			dependencies = (
			);
			name = WeatherApp;
			packageProductDependencies = (
				88164F272B68D6AB00225589 /* FirebaseAnalytics */,
				88164F292B68D6AB00225589 /* FirebaseAnalyticsOnDeviceConversion */,
				88164F2B2B68D6AB00225589 /* FirebaseAnalyticsSwift */,
				88164F2D2B68D6AB00225589 /* FirebaseAnalyticsWithoutAdIdSupport */,
				88164F2F2B68D6AB00225589 /* FirebaseAppCheck */,
				88164F312B68D6AB00225589 /* FirebaseAppDistribution-Beta */,
				88164F332B68D6AB00225589 /* FirebaseAuth */,
				88164F352B68D6AC00225589 /* FirebaseAuthCombine-Community */,
				88164F372B68D6AC00225589 /* FirebaseCrashlytics */,
				88164F392B68D6AC00225589 /* FirebaseDatabase */,
				88164F3B2B68D6AC00225589 /* FirebaseDatabaseSwift */,
				88164F3D2B68D6AC00225589 /* FirebaseDynamicLinks */,
				88164F3F2B68D6AC00225589 /* FirebaseFirestore */,
				88164F412B68D6AC00225589 /* FirebaseFirestoreCombine-Community */,
				88164F432B68D6AC00225589 /* FirebaseFirestoreSwift */,
				88164F452B68D6AC00225589 /* FirebaseFunctions */,
				88164F472B68D6AC00225589 /* FirebaseFunctionsCombine-Community */,
				88164F492B68D6AC00225589 /* FirebaseInAppMessaging-Beta */,
				88164F4B2B68D6AC00225589 /* FirebaseInAppMessagingSwift-Beta */,
				88164F4D2B68D6AC00225589 /* FirebaseInstallations */,
				88164F4F2B68D6AC00225589 /* FirebaseMLModelDownloader */,
				88164F512B68D6AC00225589 /* FirebaseMessaging */,
				88164F532B68D6AC00225589 /* FirebasePerformance */,
				88164F552B68D6AC00225589 /* FirebaseRemoteConfig */,
				88164F572B68D6AC00225589 /* FirebaseRemoteConfigSwift */,
				88164F592B68D6AC00225589 /* FirebaseStorage */,
				88164F5B2B68D6AC00225589 /* FirebaseStorageCombine-Community */,
			);
			productName = WeatherApp;
			productReference = 88164F042B68BDD100225589 /* WeatherApp.app */;
			productType = "com.apple.product-type.application";
		};
/* End PBXNativeTarget section */

/* Begin PBXProject section */
		88164EFC2B68BDD100225589 /* Project object */ = {
			isa = PBXProject;
			attributes = {
				BuildIndependentTargetsInParallel = 1;
				LastSwiftUpdateCheck = 1500;
				LastUpgradeCheck = 1500;
				TargetAttributes = {
					88164F032B68BDD100225589 = {
						CreatedOnToolsVersion = 15.0;
					};
				};
			};
			buildConfigurationList = 88164EFF2B68BDD100225589 /* Build configuration list for PBXProject "WeatherApp" */;
			compatibilityVersion = "Xcode 14.0";
			developmentRegion = en;
			hasScannedForEncodings = 0;
			knownRegions = (
				en,
				Base,
			);
			mainGroup = 88164EFB2B68BDD100225589;
			packageReferences = (
				88164F262B68D6AB00225589 /* XCRemoteSwiftPackageReference "firebase-ios-sdk" */,
			);
			productRefGroup = 88164F052B68BDD100225589 /* Products */;
			projectDirPath = "";
			projectRoot = "";
			targets = (
				88164F032B68BDD100225589 /* WeatherApp */,
			);
		};
/* End PBXProject section */

/* Begin PBXResourcesBuildPhase section */
		88164F022B68BDD100225589 /* Resources */ = {
			isa = PBXResourcesBuildPhase;
			buildActionMask = 2147483647;
			files = (
				88164F0F2B68BDD400225589 /* Preview Assets.xcassets in Resources */,
				88164F0C2B68BDD400225589 /* Assets.xcassets in Resources */,
				88164F252B68D3C600225589 /* GoogleService-Info.plist in Resources */,
			);
			runOnlyForDeploymentPostprocessing = 0;
		};
/* End PBXResourcesBuildPhase section */

/* Begin PBXSourcesBuildPhase section */
		88164F002B68BDD100225589 /* Sources */ = {
			isa = PBXSourcesBuildPhase;
			buildActionMask = 2147483647;
			files = (
				88164F232B68D21200225589 /* AuthView.swift in Sources */,
				88164F212B68D1E000225589 /* SignupView.swift in Sources */,
				88164F0A2B68BDD100225589 /* ContentView.swift in Sources */,
				88164F172B68BE5F00225589 /* WeatherData.swift in Sources */,
				88164F1F2B68D18200225589 /* Strings.swift in Sources */,
				88164F1A2B68CC6300225589 /* LoginView.swift in Sources */,
				88164F082B68BDD100225589 /* WeatherAppApp.swift in Sources */,
				88164F5E2B68DA8B00225589 /* WeatherView.swift in Sources */,
			);
			runOnlyForDeploymentPostprocessing = 0;
		};
/* End PBXSourcesBuildPhase section */

/* Begin XCBuildConfiguration section */
		88164F102B68BDD400225589 /* Debug */ = {
			isa = XCBuildConfiguration;
			buildSettings = {
				ALWAYS_SEARCH_USER_PATHS = NO;
				ASSETCATALOG_COMPILER_GENERATE_SWIFT_ASSET_SYMBOL_EXTENSIONS = YES;
				CLANG_ANALYZER_NONNULL = YES;
				CLANG_ANALYZER_NUMBER_OBJECT_CONVERSION = YES_AGGRESSIVE;
				CLANG_CXX_LANGUAGE_STANDARD = "gnu++20";
				CLANG_ENABLE_MODULES = YES;
				CLANG_ENABLE_OBJC_ARC = YES;
				CLANG_ENABLE_OBJC_WEAK = YES;
				CLANG_WARN_BLOCK_CAPTURE_AUTORELEASING = YES;
				CLANG_WARN_BOOL_CONVERSION = YES;
				CLANG_WARN_COMMA = YES;
				CLANG_WARN_CONSTANT_CONVERSION = YES;
				CLANG_WARN_DEPRECATED_OBJC_IMPLEMENTATIONS = YES;
				CLANG_WARN_DIRECT_OBJC_ISA_USAGE = YES_ERROR;
				CLANG_WARN_DOCUMENTATION_COMMENTS = YES;
				CLANG_WARN_EMPTY_BODY = YES;
				CLANG_WARN_ENUM_CONVERSION = YES;
				CLANG_WARN_INFINITE_RECURSION = YES;
				CLANG_WARN_INT_CONVERSION = YES;
				CLANG_WARN_NON_LITERAL_NULL_CONVERSION = YES;
				CLANG_WARN_OBJC_IMPLICIT_RETAIN_SELF = YES;
				CLANG_WARN_OBJC_LITERAL_CONVERSION = YES;
				CLANG_WARN_OBJC_ROOT_CLASS = YES_ERROR;
				CLANG_WARN_QUOTED_INCLUDE_IN_FRAMEWORK_HEADER = YES;
				CLANG_WARN_RANGE_LOOP_ANALYSIS = YES;
				CLANG_WARN_STRICT_PROTOTYPES = YES;
				CLANG_WARN_SUSPICIOUS_MOVE = YES;
				CLANG_WARN_UNGUARDED_AVAILABILITY = YES_AGGRESSIVE;
				CLANG_WARN_UNREACHABLE_CODE = YES;
				CLANG_WARN__DUPLICATE_METHOD_MATCH = YES;
				COPY_PHASE_STRIP = NO;
				DEBUG_INFORMATION_FORMAT = dwarf;
				ENABLE_STRICT_OBJC_MSGSEND = YES;
				ENABLE_TESTABILITY = YES;
				ENABLE_USER_SCRIPT_SANDBOXING = YES;
				GCC_C_LANGUAGE_STANDARD = gnu17;
				GCC_DYNAMIC_NO_PIC = NO;
				GCC_NO_COMMON_BLOCKS = YES;
				GCC_OPTIMIZATION_LEVEL = 0;
				GCC_PREPROCESSOR_DEFINITIONS = (
					"DEBUG=1",
					"$(inherited)",
				);
				GCC_WARN_64_TO_32_BIT_CONVERSION = YES;
				GCC_WARN_ABOUT_RETURN_TYPE = YES_ERROR;
				GCC_WARN_UNDECLARED_SELECTOR = YES;
				GCC_WARN_UNINITIALIZED_AUTOS = YES_AGGRESSIVE;
				GCC_WARN_UNUSED_FUNCTION = YES;
				GCC_WARN_UNUSED_VARIABLE = YES;
				IPHONEOS_DEPLOYMENT_TARGET = 17.0;
				LOCALIZATION_PREFERS_STRING_CATALOGS = YES;
				MTL_ENABLE_DEBUG_INFO = INCLUDE_SOURCE;
				MTL_FAST_MATH = YES;
				ONLY_ACTIVE_ARCH = YES;
				SDKROOT = iphoneos;
				SWIFT_ACTIVE_COMPILATION_CONDITIONS = "DEBUG $(inherited)";
				SWIFT_OPTIMIZATION_LEVEL = "-Onone";
			};
			name = Debug;
		};
		88164F112B68BDD400225589 /* Release */ = {
			isa = XCBuildConfiguration;
			buildSettings = {
				ALWAYS_SEARCH_USER_PATHS = NO;
				ASSETCATALOG_COMPILER_GENERATE_SWIFT_ASSET_SYMBOL_EXTENSIONS = YES;
				CLANG_ANALYZER_NONNULL = YES;
				CLANG_ANALYZER_NUMBER_OBJECT_CONVERSION = YES_AGGRESSIVE;
				CLANG_CXX_LANGUAGE_STANDARD = "gnu++20";
				CLANG_ENABLE_MODULES = YES;
				CLANG_ENABLE_OBJC_ARC = YES;
				CLANG_ENABLE_OBJC_WEAK = YES;
				CLANG_WARN_BLOCK_CAPTURE_AUTORELEASING = YES;
				CLANG_WARN_BOOL_CONVERSION = YES;
				CLANG_WARN_COMMA = YES;
				CLANG_WARN_CONSTANT_CONVERSION = YES;
				CLANG_WARN_DEPRECATED_OBJC_IMPLEMENTATIONS = YES;
				CLANG_WARN_DIRECT_OBJC_ISA_USAGE = YES_ERROR;
				CLANG_WARN_DOCUMENTATION_COMMENTS = YES;
				CLANG_WARN_EMPTY_BODY = YES;
				CLANG_WARN_ENUM_CONVERSION = YES;
				CLANG_WARN_INFINITE_RECURSION = YES;
				CLANG_WARN_INT_CONVERSION = YES;
				CLANG_WARN_NON_LITERAL_NULL_CONVERSION = YES;
				CLANG_WARN_OBJC_IMPLICIT_RETAIN_SELF = YES;
				CLANG_WARN_OBJC_LITERAL_CONVERSION = YES;
				CLANG_WARN_OBJC_ROOT_CLASS = YES_ERROR;
				CLANG_WARN_QUOTED_INCLUDE_IN_FRAMEWORK_HEADER = YES;
				CLANG_WARN_RANGE_LOOP_ANALYSIS = YES;
				CLANG_WARN_STRICT_PROTOTYPES = YES;
				CLANG_WARN_SUSPICIOUS_MOVE = YES;
				CLANG_WARN_UNGUARDED_AVAILABILITY = YES_AGGRESSIVE;
				CLANG_WARN_UNREACHABLE_CODE = YES;
				CLANG_WARN__DUPLICATE_METHOD_MATCH = YES;
				COPY_PHASE_STRIP = NO;
				DEBUG_INFORMATION_FORMAT = "dwarf-with-dsym";
				ENABLE_NS_ASSERTIONS = NO;
				ENABLE_STRICT_OBJC_MSGSEND = YES;
				ENABLE_USER_SCRIPT_SANDBOXING = YES;
				GCC_C_LANGUAGE_STANDARD = gnu17;
				GCC_NO_COMMON_BLOCKS = YES;
				GCC_WARN_64_TO_32_BIT_CONVERSION = YES;
				GCC_WARN_ABOUT_RETURN_TYPE = YES_ERROR;
				GCC_WARN_UNDECLARED_SELECTOR = YES;
				GCC_WARN_UNINITIALIZED_AUTOS = YES_AGGRESSIVE;
				GCC_WARN_UNUSED_FUNCTION = YES;
				GCC_WARN_UNUSED_VARIABLE = YES;
				IPHONEOS_DEPLOYMENT_TARGET = 17.0;
				LOCALIZATION_PREFERS_STRING_CATALOGS = YES;
				MTL_ENABLE_DEBUG_INFO = NO;
				MTL_FAST_MATH = YES;
				SDKROOT = iphoneos;
				SWIFT_COMPILATION_MODE = wholemodule;
				VALIDATE_PRODUCT = YES;
			};
			name = Release;
		};
		88164F132B68BDD400225589 /* Debug */ = {
			isa = XCBuildConfiguration;
			buildSettings = {
				ASSETCATALOG_COMPILER_APPICON_NAME = AppIcon;
				ASSETCATALOG_COMPILER_GLOBAL_ACCENT_COLOR_NAME = AccentColor;
				CODE_SIGN_STYLE = Automatic;
				CURRENT_PROJECT_VERSION = 1;
				DEVELOPMENT_ASSET_PATHS = "\"WeatherApp/Preview Content\"";
				ENABLE_PREVIEWS = YES;
				GENERATE_INFOPLIST_FILE = YES;
				INFOPLIST_KEY_NSLocationAlwaysUsageDescription = "";
				INFOPLIST_KEY_NSLocationWhenInUseUsageDescription = "We need your location to provide current weather information.";
				INFOPLIST_KEY_UIApplicationSceneManifest_Generation = YES;
				INFOPLIST_KEY_UIApplicationSupportsIndirectInputEvents = YES;
				INFOPLIST_KEY_UILaunchScreen_Generation = YES;
				INFOPLIST_KEY_UISupportedInterfaceOrientations_iPad = "UIInterfaceOrientationPortrait UIInterfaceOrientationPortraitUpsideDown UIInterfaceOrientationLandscapeLeft UIInterfaceOrientationLandscapeRight";
				INFOPLIST_KEY_UISupportedInterfaceOrientations_iPhone = "UIInterfaceOrientationPortrait UIInterfaceOrientationLandscapeLeft UIInterfaceOrientationLandscapeRight";
				LD_RUNPATH_SEARCH_PATHS = (
					"$(inherited)",
					"@executable_path/Frameworks",
				);
				MARKETING_VERSION = 1.0;
				PRODUCT_BUNDLE_IDENTIFIER = me.wu.emily.WeatherApp;
				PRODUCT_NAME = "$(TARGET_NAME)";
				SWIFT_EMIT_LOC_STRINGS = YES;
				SWIFT_VERSION = 5.0;
				TARGETED_DEVICE_FAMILY = "1,2";
			};
			name = Debug;
		};
		88164F142B68BDD400225589 /* Release */ = {
			isa = XCBuildConfiguration;
			buildSettings = {
				ASSETCATALOG_COMPILER_APPICON_NAME = AppIcon;
				ASSETCATALOG_COMPILER_GLOBAL_ACCENT_COLOR_NAME = AccentColor;
				CODE_SIGN_STYLE = Automatic;
				CURRENT_PROJECT_VERSION = 1;
				DEVELOPMENT_ASSET_PATHS = "\"WeatherApp/Preview Content\"";
				ENABLE_PREVIEWS = YES;
				GENERATE_INFOPLIST_FILE = YES;
				INFOPLIST_KEY_NSLocationAlwaysUsageDescription = "";
				INFOPLIST_KEY_NSLocationWhenInUseUsageDescription = "We need your location to provide current weather information.";
				INFOPLIST_KEY_UIApplicationSceneManifest_Generation = YES;
				INFOPLIST_KEY_UIApplicationSupportsIndirectInputEvents = YES;
				INFOPLIST_KEY_UILaunchScreen_Generation = YES;
				INFOPLIST_KEY_UISupportedInterfaceOrientations_iPad = "UIInterfaceOrientationPortrait UIInterfaceOrientationPortraitUpsideDown UIInterfaceOrientationLandscapeLeft UIInterfaceOrientationLandscapeRight";
				INFOPLIST_KEY_UISupportedInterfaceOrientations_iPhone = "UIInterfaceOrientationPortrait UIInterfaceOrientationLandscapeLeft UIInterfaceOrientationLandscapeRight";
				LD_RUNPATH_SEARCH_PATHS = (
					"$(inherited)",
					"@executable_path/Frameworks",
				);
				MARKETING_VERSION = 1.0;
				PRODUCT_BUNDLE_IDENTIFIER = me.wu.emily.WeatherApp;
				PRODUCT_NAME = "$(TARGET_NAME)";
				SWIFT_EMIT_LOC_STRINGS = YES;
				SWIFT_VERSION = 5.0;
				TARGETED_DEVICE_FAMILY = "1,2";
			};
			name = Release;
		};
/* End XCBuildConfiguration section */

/* Begin XCConfigurationList section */
		88164EFF2B68BDD100225589 /* Build configuration list for PBXProject "WeatherApp" */ = {
			isa = XCConfigurationList;
			buildConfigurations = (
				88164F102B68BDD400225589 /* Debug */,
				88164F112B68BDD400225589 /* Release */,
			);
			defaultConfigurationIsVisible = 0;
			defaultConfigurationName = Release;
		};
		88164F122B68BDD400225589 /* Build configuration list for PBXNativeTarget "WeatherApp" */ = {
			isa = XCConfigurationList;
			buildConfigurations = (
				88164F132B68BDD400225589 /* Debug */,
				88164F142B68BDD400225589 /* Release */,
			);
			defaultConfigurationIsVisible = 0;
			defaultConfigurationName = Release;
		};
/* End XCConfigurationList section */

/* Begin XCRemoteSwiftPackageReference section */
		88164F262B68D6AB00225589 /* XCRemoteSwiftPackageReference "firebase-ios-sdk" */ = {
			isa = XCRemoteSwiftPackageReference;
			repositoryURL = "https://github.com/firebase/firebase-ios-sdk";
			requirement = {
				branch = main;
				kind = branch;
			};
		};
/* End XCRemoteSwiftPackageReference section */

/* Begin XCSwiftPackageProductDependency section */
		88164F272B68D6AB00225589 /* FirebaseAnalytics */ = {
			isa = XCSwiftPackageProductDependency;
			package = 88164F262B68D6AB00225589 /* XCRemoteSwiftPackageReference "firebase-ios-sdk" */;
			productName = FirebaseAnalytics;
		};
		88164F292B68D6AB00225589 /* FirebaseAnalyticsOnDeviceConversion */ = {
			isa = XCSwiftPackageProductDependency;
			package = 88164F262B68D6AB00225589 /* XCRemoteSwiftPackageReference "firebase-ios-sdk" */;
			productName = FirebaseAnalyticsOnDeviceConversion;
		};
		88164F2B2B68D6AB00225589 /* FirebaseAnalyticsSwift */ = {
			isa = XCSwiftPackageProductDependency;
			package = 88164F262B68D6AB00225589 /* XCRemoteSwiftPackageReference "firebase-ios-sdk" */;
			productName = FirebaseAnalyticsSwift;
		};
		88164F2D2B68D6AB00225589 /* FirebaseAnalyticsWithoutAdIdSupport */ = {
			isa = XCSwiftPackageProductDependency;
			package = 88164F262B68D6AB00225589 /* XCRemoteSwiftPackageReference "firebase-ios-sdk" */;
			productName = FirebaseAnalyticsWithoutAdIdSupport;
		};
		88164F2F2B68D6AB00225589 /* FirebaseAppCheck */ = {
			isa = XCSwiftPackageProductDependency;
			package = 88164F262B68D6AB00225589 /* XCRemoteSwiftPackageReference "firebase-ios-sdk" */;
			productName = FirebaseAppCheck;
		};
		88164F312B68D6AB00225589 /* FirebaseAppDistribution-Beta */ = {
			isa = XCSwiftPackageProductDependency;
			package = 88164F262B68D6AB00225589 /* XCRemoteSwiftPackageReference "firebase-ios-sdk" */;
			productName = "FirebaseAppDistribution-Beta";
		};
		88164F332B68D6AB00225589 /* FirebaseAuth */ = {
			isa = XCSwiftPackageProductDependency;
			package = 88164F262B68D6AB00225589 /* XCRemoteSwiftPackageReference "firebase-ios-sdk" */;
			productName = FirebaseAuth;
		};
		88164F352B68D6AC00225589 /* FirebaseAuthCombine-Community */ = {
			isa = XCSwiftPackageProductDependency;
			package = 88164F262B68D6AB00225589 /* XCRemoteSwiftPackageReference "firebase-ios-sdk" */;
			productName = "FirebaseAuthCombine-Community";
		};
		88164F372B68D6AC00225589 /* FirebaseCrashlytics */ = {
			isa = XCSwiftPackageProductDependency;
			package = 88164F262B68D6AB00225589 /* XCRemoteSwiftPackageReference "firebase-ios-sdk" */;
			productName = FirebaseCrashlytics;
		};
		88164F392B68D6AC00225589 /* FirebaseDatabase */ = {
			isa = XCSwiftPackageProductDependency;
			package = 88164F262B68D6AB00225589 /* XCRemoteSwiftPackageReference "firebase-ios-sdk" */;
			productName = FirebaseDatabase;
		};
		88164F3B2B68D6AC00225589 /* FirebaseDatabaseSwift */ = {
			isa = XCSwiftPackageProductDependency;
			package = 88164F262B68D6AB00225589 /* XCRemoteSwiftPackageReference "firebase-ios-sdk" */;
			productName = FirebaseDatabaseSwift;
		};
		88164F3D2B68D6AC00225589 /* FirebaseDynamicLinks */ = {
			isa = XCSwiftPackageProductDependency;
			package = 88164F262B68D6AB00225589 /* XCRemoteSwiftPackageReference "firebase-ios-sdk" */;
			productName = FirebaseDynamicLinks;
		};
		88164F3F2B68D6AC00225589 /* FirebaseFirestore */ = {
			isa = XCSwiftPackageProductDependency;
			package = 88164F262B68D6AB00225589 /* XCRemoteSwiftPackageReference "firebase-ios-sdk" */;
			productName = FirebaseFirestore;
		};
		88164F412B68D6AC00225589 /* FirebaseFirestoreCombine-Community */ = {
			isa = XCSwiftPackageProductDependency;
			package = 88164F262B68D6AB00225589 /* XCRemoteSwiftPackageReference "firebase-ios-sdk" */;
			productName = "FirebaseFirestoreCombine-Community";
		};
		88164F432B68D6AC00225589 /* FirebaseFirestoreSwift */ = {
			isa = XCSwiftPackageProductDependency;
			package = 88164F262B68D6AB00225589 /* XCRemoteSwiftPackageReference "firebase-ios-sdk" */;
			productName = FirebaseFirestoreSwift;
		};
		88164F452B68D6AC00225589 /* FirebaseFunctions */ = {
			isa = XCSwiftPackageProductDependency;
			package = 88164F262B68D6AB00225589 /* XCRemoteSwiftPackageReference "firebase-ios-sdk" */;
			productName = FirebaseFunctions;
		};
		88164F472B68D6AC00225589 /* FirebaseFunctionsCombine-Community */ = {
			isa = XCSwiftPackageProductDependency;
			package = 88164F262B68D6AB00225589 /* XCRemoteSwiftPackageReference "firebase-ios-sdk" */;
			productName = "FirebaseFunctionsCombine-Community";
		};
		88164F492B68D6AC00225589 /* FirebaseInAppMessaging-Beta */ = {
			isa = XCSwiftPackageProductDependency;
			package = 88164F262B68D6AB00225589 /* XCRemoteSwiftPackageReference "firebase-ios-sdk" */;
			productName = "FirebaseInAppMessaging-Beta";
		};
		88164F4B2B68D6AC00225589 /* FirebaseInAppMessagingSwift-Beta */ = {
			isa = XCSwiftPackageProductDependency;
			package = 88164F262B68D6AB00225589 /* XCRemoteSwiftPackageReference "firebase-ios-sdk" */;
			productName = "FirebaseInAppMessagingSwift-Beta";
		};
		88164F4D2B68D6AC00225589 /* FirebaseInstallations */ = {
			isa = XCSwiftPackageProductDependency;
			package = 88164F262B68D6AB00225589 /* XCRemoteSwiftPackageReference "firebase-ios-sdk" */;
			productName = FirebaseInstallations;
		};
		88164F4F2B68D6AC00225589 /* FirebaseMLModelDownloader */ = {
			isa = XCSwiftPackageProductDependency;
			package = 88164F262B68D6AB00225589 /* XCRemoteSwiftPackageReference "firebase-ios-sdk" */;
			productName = FirebaseMLModelDownloader;
		};
		88164F512B68D6AC00225589 /* FirebaseMessaging */ = {
			isa = XCSwiftPackageProductDependency;
			package = 88164F262B68D6AB00225589 /* XCRemoteSwiftPackageReference "firebase-ios-sdk" */;
			productName = FirebaseMessaging;
		};
		88164F532B68D6AC00225589 /* FirebasePerformance */ = {
			isa = XCSwiftPackageProductDependency;
			package = 88164F262B68D6AB00225589 /* XCRemoteSwiftPackageReference "firebase-ios-sdk" */;
			productName = FirebasePerformance;
		};
		88164F552B68D6AC00225589 /* FirebaseRemoteConfig */ = {
			isa = XCSwiftPackageProductDependency;
			package = 88164F262B68D6AB00225589 /* XCRemoteSwiftPackageReference "firebase-ios-sdk" */;
			productName = FirebaseRemoteConfig;
		};
		88164F572B68D6AC00225589 /* FirebaseRemoteConfigSwift */ = {
			isa = XCSwiftPackageProductDependency;
			package = 88164F262B68D6AB00225589 /* XCRemoteSwiftPackageReference "firebase-ios-sdk" */;
			productName = FirebaseRemoteConfigSwift;
		};
		88164F592B68D6AC00225589 /* FirebaseStorage */ = {
			isa = XCSwiftPackageProductDependency;
			package = 88164F262B68D6AB00225589 /* XCRemoteSwiftPackageReference "firebase-ios-sdk" */;
			productName = FirebaseStorage;
		};
		88164F5B2B68D6AC00225589 /* FirebaseStorageCombine-Community */ = {
			isa = XCSwiftPackageProductDependency;
			package = 88164F262B68D6AB00225589 /* XCRemoteSwiftPackageReference "firebase-ios-sdk" */;
			productName = "FirebaseStorageCombine-Community";
		};
/* End XCSwiftPackageProductDependency section */
	};
	rootObject = 88164EFC2B68BDD100225589 /* Project object */;
}
